
Microsoft Visual Studio Solution File, Format Version 12.00
# Visual Studio Version 16
VisualStudioVersion = 16.0.29409.12
MinimumVisualStudioVersion = 10.0.40219.1
Project("{888888A0-9F3D-457C-B088-3A5042F75D52}") = "Chatbot", "FlaskDemo\Chatbot.pyproj", "{1CAAEEE7-C228-4F2E-AE72-056D3CA9F43F}"
EndProject
Global
	GlobalSection(SolutionConfigurationPlatforms) = preSolution
		Debug|Any CPU = Debug|Any CPU
		Release|Any CPU = Release|Any CPU
	EndGlobalSection
	GlobalSection(ProjectConfigurationPlatforms) = postSolution
		{1CAAEEE7-C228-4F2E-AE72-056D3CA9F43F}.Debug|Any CPU.ActiveCfg = Debug|Any CPU
		{1CAAEEE7-C228-4F2E-AE72-056D3CA9F43F}.Debug|Any CPU.Build.0 = Debug|Any CPU
		{1CAAEEE7-C228-4F2E-AE72-056D3CA9F43F}.Release|Any CPU.ActiveCfg = Release|Any CPU
		{1CAAEEE7-C228-4F2E-AE72-056D3CA9F43F}.Release|Any CPU.Build.0 = Release|Any CPU
	EndGlobalSection
	GlobalSection(SolutionProperties) = preSolution
		HideSolutionNode = FALSE
	EndGlobalSection
	GlobalSection(ExtensibilityGlobals) = postSolution
		SolutionGuid = {044C97D4-D23C-4F88-BCF8-586DF9D38203}
	EndGlobalSection
EndGlobal
